// !$*UTF8*$!
{
	archiveVersion = 1;
	classes = {
	};
	objectVersion = 46;
	objects = {

/* Begin PBXBuildFile section */
		07CD4B6418D8E568007B1CD1 /* Foundation.framework in Frameworks */ = {isa = PBXBuildFile; fileRef = 07CD4B6318D8E568007B1CD1 /* Foundation.framework */; };
		07CD4B6618D8E568007B1CD1 /* CoreGraphics.framework in Frameworks */ = {isa = PBXBuildFile; fileRef = 07CD4B6518D8E568007B1CD1 /* CoreGraphics.framework */; };
		07CD4B6818D8E568007B1CD1 /* UIKit.framework in Frameworks */ = {isa = PBXBuildFile; fileRef = 07CD4B6718D8E568007B1CD1 /* UIKit.framework */; };
		07CD4B6E18D8E568007B1CD1 /* InfoPlist.strings in Resources */ = {isa = PBXBuildFile; fileRef = 07CD4B6C18D8E568007B1CD1 /* InfoPlist.strings */; };
		07CD4B7018D8E568007B1CD1 /* main.m in Sources */ = {isa = PBXBuildFile; fileRef = 07CD4B6F18D8E568007B1CD1 /* main.m */; };
		07CD4B7418D8E568007B1CD1 /* DSAppDelegate.m in Sources */ = {isa = PBXBuildFile; fileRef = 07CD4B7318D8E568007B1CD1 /* DSAppDelegate.m */; };
		07CD4B7718D8E568007B1CD1 /* Main.storyboard in Resources */ = {isa = PBXBuildFile; fileRef = 07CD4B7518D8E568007B1CD1 /* Main.storyboard */; };
		07CD4B7A18D8E568007B1CD1 /* DSViewController.m in Sources */ = {isa = PBXBuildFile; fileRef = 07CD4B7918D8E568007B1CD1 /* DSViewController.m */; };
		07CD4B7C18D8E568007B1CD1 /* Images.xcassets in Resources */ = {isa = PBXBuildFile; fileRef = 07CD4B7B18D8E568007B1CD1 /* Images.xcassets */; };
		07CD4B8318D8E568007B1CD1 /* XCTest.framework in Frameworks */ = {isa = PBXBuildFile; fileRef = 07CD4B8218D8E568007B1CD1 /* XCTest.framework */; };
		07CD4B8418D8E568007B1CD1 /* Foundation.framework in Frameworks */ = {isa = PBXBuildFile; fileRef = 07CD4B6318D8E568007B1CD1 /* Foundation.framework */; };
		07CD4B8518D8E568007B1CD1 /* UIKit.framework in Frameworks */ = {isa = PBXBuildFile; fileRef = 07CD4B6718D8E568007B1CD1 /* UIKit.framework */; };
		07CD4B8D18D8E568007B1CD1 /* InfoPlist.strings in Resources */ = {isa = PBXBuildFile; fileRef = 07CD4B8B18D8E568007B1CD1 /* InfoPlist.strings */; };
		07CD4B8F18D8E568007B1CD1 /* MCMSTests.m in Sources */ = {isa = PBXBuildFile; fileRef = 07CD4B8E18D8E568007B1CD1 /* MCMSTests.m */; };
		07CD4B9A18D8E67C007B1CD1 /* MagicalCreature.m in Sources */ = {isa = PBXBuildFile; fileRef = 07CD4B9918D8E67C007B1CD1 /* MagicalCreature.m */; };
		07CD4B9C18D8E8A7007B1CD1 /* CheckMate.framework in Frameworks */ = {isa = PBXBuildFile; fileRef = 07CD4B9B18D8E8A7007B1CD1 /* CheckMate.framework */; };
		07CD4B9F18D91EDC007B1CD1 /* CreatureViewController.m in Sources */ = {isa = PBXBuildFile; fileRef = 07CD4B9E18D91EDC007B1CD1 /* CreatureViewController.m */; };
/* End PBXBuildFile section */

/* Begin PBXContainerItemProxy section */
		07CD4B8618D8E568007B1CD1 /* PBXContainerItemProxy */ = {
			isa = PBXContainerItemProxy;
			containerPortal = 07CD4B5818D8E568007B1CD1 /* Project object */;
			proxyType = 1;
			remoteGlobalIDString = 07CD4B5F18D8E568007B1CD1;
			remoteInfo = MCMS;
		};
/* End PBXContainerItemProxy section */

/* Begin PBXFileReference section */
		07CD4B6018D8E568007B1CD1 /* MCMS.app */ = {isa = PBXFileReference; explicitFileType = wrapper.application; includeInIndex = 0; path = MCMS.app; sourceTree = BUILT_PRODUCTS_DIR; };
		07CD4B6318D8E568007B1CD1 /* Foundation.framework */ = {isa = PBXFileReference; lastKnownFileType = wrapper.framework; name = Foundation.framework; path = System/Library/Frameworks/Foundation.framework; sourceTree = SDKROOT; };
		07CD4B6518D8E568007B1CD1 /* CoreGraphics.framework */ = {isa = PBXFileReference; lastKnownFileType = wrapper.framework; name = CoreGraphics.framework; path = System/Library/Frameworks/CoreGraphics.framework; sourceTree = SDKROOT; };
		07CD4B6718D8E568007B1CD1 /* UIKit.framework */ = {isa = PBXFileReference; lastKnownFileType = wrapper.framework; name = UIKit.framework; path = System/Library/Frameworks/UIKit.framework; sourceTree = SDKROOT; };
		07CD4B6B18D8E568007B1CD1 /* MCMS-Info.plist */ = {isa = PBXFileReference; lastKnownFileType = text.plist.xml; path = "MCMS-Info.plist"; sourceTree = "<group>"; };
		07CD4B6D18D8E568007B1CD1 /* en */ = {isa = PBXFileReference; lastKnownFileType = text.plist.strings; name = en; path = en.lproj/InfoPlist.strings; sourceTree = "<group>"; };
		07CD4B6F18D8E568007B1CD1 /* main.m */ = {isa = PBXFileReference; lastKnownFileType = sourcecode.c.objc; path = main.m; sourceTree = "<group>"; };
		07CD4B7118D8E568007B1CD1 /* MCMS-Prefix.pch */ = {isa = PBXFileReference; lastKnownFileType = sourcecode.c.h; path = "MCMS-Prefix.pch"; sourceTree = "<group>"; };
		07CD4B7218D8E568007B1CD1 /* DSAppDelegate.h */ = {isa = PBXFileReference; lastKnownFileType = sourcecode.c.h; path = DSAppDelegate.h; sourceTree = "<group>"; };
		07CD4B7318D8E568007B1CD1 /* DSAppDelegate.m */ = {isa = PBXFileReference; lastKnownFileType = sourcecode.c.objc; path = DSAppDelegate.m; sourceTree = "<group>"; };
		07CD4B7618D8E568007B1CD1 /* Base */ = {isa = PBXFileReference; lastKnownFileType = file.storyboard; name = Base; path = Base.lproj/Main.storyboard; sourceTree = "<group>"; };
		07CD4B7818D8E568007B1CD1 /* DSViewController.h */ = {isa = PBXFileReference; lastKnownFileType = sourcecode.c.h; path = DSViewController.h; sourceTree = "<group>"; };
		07CD4B7918D8E568007B1CD1 /* DSViewController.m */ = {isa = PBXFileReference; lastKnownFileType = sourcecode.c.objc; path = DSViewController.m; sourceTree = "<group>"; };
		07CD4B7B18D8E568007B1CD1 /* Images.xcassets */ = {isa = PBXFileReference; lastKnownFileType = folder.assetcatalog; path = Images.xcassets; sourceTree = "<group>"; };
		07CD4B8118D8E568007B1CD1 /* MCMSTests.xctest */ = {isa = PBXFileReference; explicitFileType = wrapper.cfbundle; includeInIndex = 0; path = MCMSTests.xctest; sourceTree = BUILT_PRODUCTS_DIR; };
		07CD4B8218D8E568007B1CD1 /* XCTest.framework */ = {isa = PBXFileReference; lastKnownFileType = wrapper.framework; name = XCTest.framework; path = Library/Frameworks/XCTest.framework; sourceTree = DEVELOPER_DIR; };
		07CD4B8A18D8E568007B1CD1 /* MCMSTests-Info.plist */ = {isa = PBXFileReference; lastKnownFileType = text.plist.xml; path = "MCMSTests-Info.plist"; sourceTree = "<group>"; };
		07CD4B8C18D8E568007B1CD1 /* en */ = {isa = PBXFileReference; lastKnownFileType = text.plist.strings; name = en; path = en.lproj/InfoPlist.strings; sourceTree = "<group>"; };
		07CD4B8E18D8E568007B1CD1 /* MCMSTests.m */ = {isa = PBXFileReference; lastKnownFileType = sourcecode.c.objc; path = MCMSTests.m; sourceTree = "<group>"; };
		07CD4B9818D8E67C007B1CD1 /* MagicalCreature.h */ = {isa = PBXFileReference; fileEncoding = 4; lastKnownFileType = sourcecode.c.h; path = MagicalCreature.h; sourceTree = "<group>"; };
		07CD4B9918D8E67C007B1CD1 /* MagicalCreature.m */ = {isa = PBXFileReference; fileEncoding = 4; lastKnownFileType = sourcecode.c.objc; path = MagicalCreature.m; sourceTree = "<group>"; };
		07CD4B9B18D8E8A7007B1CD1 /* CheckMate.framework */ = {isa = PBXFileReference; lastKnownFileType = wrapper.framework; path = CheckMate.framework; sourceTree = "<group>"; };
		07CD4B9D18D91EDC007B1CD1 /* CreatureViewController.h */ = {isa = PBXFileReference; fileEncoding = 4; lastKnownFileType = sourcecode.c.h; path = CreatureViewController.h; sourceTree = "<group>"; };
		07CD4B9E18D91EDC007B1CD1 /* CreatureViewController.m */ = {isa = PBXFileReference; fileEncoding = 4; lastKnownFileType = sourcecode.c.objc; path = CreatureViewController.m; sourceTree = "<group>"; };
/* End PBXFileReference section */

/* Begin PBXFrameworksBuildPhase section */
		07CD4B5D18D8E568007B1CD1 /* Frameworks */ = {
			isa = PBXFrameworksBuildPhase;
			buildActionMask = 2147483647;
			files = (
				07CD4B9C18D8E8A7007B1CD1 /* CheckMate.framework in Frameworks */,
				07CD4B6618D8E568007B1CD1 /* CoreGraphics.framework in Frameworks */,
				07CD4B6818D8E568007B1CD1 /* UIKit.framework in Frameworks */,
				07CD4B6418D8E568007B1CD1 /* Foundation.framework in Frameworks */,
			);
			runOnlyForDeploymentPostprocessing = 0;
		};
		07CD4B7E18D8E568007B1CD1 /* Frameworks */ = {
			isa = PBXFrameworksBuildPhase;
			buildActionMask = 2147483647;
			files = (
				07CD4B8318D8E568007B1CD1 /* XCTest.framework in Frameworks */,
				07CD4B8518D8E568007B1CD1 /* UIKit.framework in Frameworks */,
				07CD4B8418D8E568007B1CD1 /* Foundation.framework in Frameworks */,
			);
			runOnlyForDeploymentPostprocessing = 0;
		};
/* End PBXFrameworksBuildPhase section */

/* Begin PBXGroup section */
		07CD4B5718D8E568007B1CD1 = {
			isa = PBXGroup;
			children = (
				07CD4B6918D8E568007B1CD1 /* MCMS */,
				07CD4B8818D8E568007B1CD1 /* MCMSTests */,
				07CD4B6218D8E568007B1CD1 /* Frameworks */,
				07CD4B6118D8E568007B1CD1 /* Products */,
			);
			sourceTree = "<group>";
		};
		07CD4B6118D8E568007B1CD1 /* Products */ = {
			isa = PBXGroup;
			children = (
				07CD4B6018D8E568007B1CD1 /* MCMS.app */,
				07CD4B8118D8E568007B1CD1 /* MCMSTests.xctest */,
			);
			name = Products;
			sourceTree = "<group>";
		};
		07CD4B6218D8E568007B1CD1 /* Frameworks */ = {
			isa = PBXGroup;
			children = (
				07CD4B9B18D8E8A7007B1CD1 /* CheckMate.framework */,
				07CD4B6318D8E568007B1CD1 /* Foundation.framework */,
				07CD4B6518D8E568007B1CD1 /* CoreGraphics.framework */,
				07CD4B6718D8E568007B1CD1 /* UIKit.framework */,
				07CD4B8218D8E568007B1CD1 /* XCTest.framework */,
			);
			name = Frameworks;
			sourceTree = "<group>";
		};
		07CD4B6918D8E568007B1CD1 /* MCMS */ = {
			isa = PBXGroup;
			children = (
				07CD4B7218D8E568007B1CD1 /* DSAppDelegate.h */,
				07CD4B7318D8E568007B1CD1 /* DSAppDelegate.m */,
				07CD4B7518D8E568007B1CD1 /* Main.storyboard */,
				07CD4B7818D8E568007B1CD1 /* DSViewController.h */,
				07CD4B7918D8E568007B1CD1 /* DSViewController.m */,
				07CD4B7B18D8E568007B1CD1 /* Images.xcassets */,
				07CD4B6A18D8E568007B1CD1 /* Supporting Files */,
				07CD4B9818D8E67C007B1CD1 /* MagicalCreature.h */,
				07CD4B9918D8E67C007B1CD1 /* MagicalCreature.m */,
				07CD4B9D18D91EDC007B1CD1 /* CreatureViewController.h */,
				07CD4B9E18D91EDC007B1CD1 /* CreatureViewController.m */,
			);
			path = MCMS;
			sourceTree = "<group>";
		};
		07CD4B6A18D8E568007B1CD1 /* Supporting Files */ = {
			isa = PBXGroup;
			children = (
				07CD4B6B18D8E568007B1CD1 /* MCMS-Info.plist */,
				07CD4B6C18D8E568007B1CD1 /* InfoPlist.strings */,
				07CD4B6F18D8E568007B1CD1 /* main.m */,
				07CD4B7118D8E568007B1CD1 /* MCMS-Prefix.pch */,
			);
			name = "Supporting Files";
			sourceTree = "<group>";
		};
		07CD4B8818D8E568007B1CD1 /* MCMSTests */ = {
			isa = PBXGroup;
			children = (
				07CD4B8E18D8E568007B1CD1 /* MCMSTests.m */,
				07CD4B8918D8E568007B1CD1 /* Supporting Files */,
			);
			path = MCMSTests;
			sourceTree = "<group>";
		};
		07CD4B8918D8E568007B1CD1 /* Supporting Files */ = {
			isa = PBXGroup;
			children = (
				07CD4B8A18D8E568007B1CD1 /* MCMSTests-Info.plist */,
				07CD4B8B18D8E568007B1CD1 /* InfoPlist.strings */,
			);
			name = "Supporting Files";
			sourceTree = "<group>";
		};
/* End PBXGroup section */

/* Begin PBXNativeTarget section */
		07CD4B5F18D8E568007B1CD1 /* MCMS */ = {
			isa = PBXNativeTarget;
			buildConfigurationList = 07CD4B9218D8E568007B1CD1 /* Build configuration list for PBXNativeTarget "MCMS" */;
			buildPhases = (
				07CD4B5C18D8E568007B1CD1 /* Sources */,
				07CD4B5D18D8E568007B1CD1 /* Frameworks */,
				07CD4B5E18D8E568007B1CD1 /* Resources */,
			);
			buildRules = (
			);
			dependencies = (
			);
			name = MCMS;
			productName = MCMS;
			productReference = 07CD4B6018D8E568007B1CD1 /* MCMS.app */;
			productType = "com.apple.product-type.application";
		};
		07CD4B8018D8E568007B1CD1 /* MCMSTests */ = {
			isa = PBXNativeTarget;
			buildConfigurationList = 07CD4B9518D8E568007B1CD1 /* Build configuration list for PBXNativeTarget "MCMSTests" */;
			buildPhases = (
				07CD4B7D18D8E568007B1CD1 /* Sources */,
				07CD4B7E18D8E568007B1CD1 /* Frameworks */,
				07CD4B7F18D8E568007B1CD1 /* Resources */,
			);
			buildRules = (
			);
			dependencies = (
				07CD4B8718D8E568007B1CD1 /* PBXTargetDependency */,
			);
			name = MCMSTests;
			productName = MCMSTests;
			productReference = 07CD4B8118D8E568007B1CD1 /* MCMSTests.xctest */;
			productType = "com.apple.product-type.bundle.unit-test";
		};
/* End PBXNativeTarget section */

/* Begin PBXProject section */
		07CD4B5818D8E568007B1CD1 /* Project object */ = {
			isa = PBXProject;
			attributes = {
				CLASSPREFIX = DS;
				LastUpgradeCheck = 0510;
				ORGANIZATIONNAME = "Dan Szeezil";
				TargetAttributes = {
					07CD4B8018D8E568007B1CD1 = {
						TestTargetID = 07CD4B5F18D8E568007B1CD1;
					};
				};
			};
			buildConfigurationList = 07CD4B5B18D8E568007B1CD1 /* Build configuration list for PBXProject "MCMS" */;
			compatibilityVersion = "Xcode 3.2";
			developmentRegion = English;
			hasScannedForEncodings = 0;
			knownRegions = (
				en,
				Base,
			);
			mainGroup = 07CD4B5718D8E568007B1CD1;
			productRefGroup = 07CD4B6118D8E568007B1CD1 /* Products */;
			projectDirPath = "";
			projectRoot = "";
			targets = (
				07CD4B5F18D8E568007B1CD1 /* MCMS */,
				07CD4B8018D8E568007B1CD1 /* MCMSTests */,
			);
		};
/* End PBXProject section */

/* Begin PBXResourcesBuildPhase section */
		07CD4B5E18D8E568007B1CD1 /* Resources */ = {
			isa = PBXResourcesBuildPhase;
			buildActionMask = 2147483647;
			files = (
				07CD4B7C18D8E568007B1CD1 /* Images.xcassets in Resources */,
				07CD4B6E18D8E568007B1CD1 /* InfoPlist.strings in Resources */,
				07CD4B7718D8E568007B1CD1 /* Main.storyboard in Resources */,
			);
			runOnlyForDeploymentPostprocessing = 0;
		};
		07CD4B7F18D8E568007B1CD1 /* Resources */ = {
			isa = PBXResourcesBuildPhase;
			buildActionMask = 2147483647;
			files = (
				07CD4B8D18D8E568007B1CD1 /* InfoPlist.strings in Resources */,
			);
			runOnlyForDeploymentPostprocessing = 0;
		};
/* End PBXResourcesBuildPhase section */

/* Begin PBXSourcesBuildPhase section */
		07CD4B5C18D8E568007B1CD1 /* Sources */ = {
			isa = PBXSourcesBuildPhase;
			buildActionMask = 2147483647;
			files = (
				07CD4B7018D8E568007B1CD1 /* main.m in Sources */,
				07CD4B7A18D8E568007B1CD1 /* DSViewController.m in Sources */,
				07CD4B9A18D8E67C007B1CD1 /* MagicalCreature.m in Sources */,
				07CD4B9F18D91EDC007B1CD1 /* CreatureViewController.m in Sources */,
				07CD4B7418D8E568007B1CD1 /* DSAppDelegate.m in Sources */,
			);
			runOnlyForDeploymentPostprocessing = 0;
		};
		07CD4B7D18D8E568007B1CD1 /* Sources */ = {
			isa = PBXSourcesBuildPhase;
			buildActionMask = 2147483647;
			files = (
				07CD4B8F18D8E568007B1CD1 /* MCMSTests.m in Sources */,
			);
			runOnlyForDeploymentPostprocessing = 0;
		};
/* End PBXSourcesBuildPhase section */

/* Begin PBXTargetDependency section */
		07CD4B8718D8E568007B1CD1 /* PBXTargetDependency */ = {
			isa = PBXTargetDependency;
			target = 07CD4B5F18D8E568007B1CD1 /* MCMS */;
			targetProxy = 07CD4B8618D8E568007B1CD1 /* PBXContainerItemProxy */;
		};
/* End PBXTargetDependency section */

/* Begin PBXVariantGroup section */
		07CD4B6C18D8E568007B1CD1 /* InfoPlist.strings */ = {
			isa = PBXVariantGroup;
			children = (
				07CD4B6D18D8E568007B1CD1 /* en */,
			);
			name = InfoPlist.strings;
			sourceTree = "<group>";
		};
		07CD4B7518D8E568007B1CD1 /* Main.storyboard */ = {
			isa = PBXVariantGroup;
			children = (
				07CD4B7618D8E568007B1CD1 /* Base */,
			);
			name = Main.storyboard;
			sourceTree = "<group>";
		};
		07CD4B8B18D8E568007B1CD1 /* InfoPlist.strings */ = {
			isa = PBXVariantGroup;
			children = (
				07CD4B8C18D8E568007B1CD1 /* en */,
			);
			name = InfoPlist.strings;
			sourceTree = "<group>";
		};
/* End PBXVariantGroup section */

/* Begin XCBuildConfiguration section */
		07CD4B9018D8E568007B1CD1 /* Debug */ = {
			isa = XCBuildConfiguration;
			buildSettings = {
				ALWAYS_SEARCH_USER_PATHS = NO;
				CLANG_CXX_LANGUAGE_STANDARD = "gnu++0x";
				CLANG_CXX_LIBRARY = "libc++";
				CLANG_ENABLE_MODULES = YES;
				CLANG_ENABLE_OBJC_ARC = YES;
				CLANG_WARN_BOOL_CONVERSION = YES;
				CLANG_WARN_CONSTANT_CONVERSION = YES;
				CLANG_WARN_DIRECT_OBJC_ISA_USAGE = YES_ERROR;
				CLANG_WARN_EMPTY_BODY = YES;
				CLANG_WARN_ENUM_CONVERSION = YES;
				CLANG_WARN_INT_CONVERSION = YES;
				CLANG_WARN_OBJC_ROOT_CLASS = YES_ERROR;
				CLANG_WARN__DUPLICATE_METHOD_MATCH = YES;
				"CODE_SIGN_IDENTITY[sdk=iphoneos*]" = "iPhone Developer";
				COPY_PHASE_STRIP = NO;
				GCC_C_LANGUAGE_STANDARD = gnu99;
				GCC_DYNAMIC_NO_PIC = NO;
				GCC_OPTIMIZATION_LEVEL = 0;
				GCC_PREPROCESSOR_DEFINITIONS = (
					"DEBUG=1",
					"$(inherited)",
				);
				GCC_SYMBOLS_PRIVATE_EXTERN = NO;
				GCC_WARN_64_TO_32_BIT_CONVERSION = YES;
				GCC_WARN_ABOUT_RETURN_TYPE = YES_ERROR;
				GCC_WARN_UNDECLARED_SELECTOR = YES;
				GCC_WARN_UNINITIALIZED_AUTOS = YES_AGGRESSIVE;
				GCC_WARN_UNUSED_FUNCTION = YES;
				GCC_WARN_UNUSED_VARIABLE = YES;
				IPHONEOS_DEPLOYMENT_TARGET = 7.1;
				ONLY_ACTIVE_ARCH = YES;
				SDKROOT = iphoneos;
			};
			name = Debug;
		};
		07CD4B9118D8E568007B1CD1 /* Release */ = {
			isa = XCBuildConfiguration;
			buildSettings = {
				ALWAYS_SEARCH_USER_PATHS = NO;
				CLANG_CXX_LANGUAGE_STANDARD = "gnu++0x";
				CLANG_CXX_LIBRARY = "libc++";
				CLANG_ENABLE_MODULES = YES;
				CLANG_ENABLE_OBJC_ARC = YES;
				CLANG_WARN_BOOL_CONVERSION = YES;
				CLANG_WARN_CONSTANT_CONVERSION = YES;
				CLANG_WARN_DIRECT_OBJC_ISA_USAGE = YES_ERROR;
				CLANG_WARN_EMPTY_BODY = YES;
				CLANG_WARN_ENUM_CONVERSION = YES;
				CLANG_WARN_INT_CONVERSION = YES;
				CLANG_WARN_OBJC_ROOT_CLASS = YES_ERROR;
				CLANG_WARN__DUPLICATE_METHOD_MATCH = YES;
				"CODE_SIGN_IDENTITY[sdk=iphoneos*]" = "iPhone Developer";
				COPY_PHASE_STRIP = YES;
				ENABLE_NS_ASSERTIONS = NO;
				GCC_C_LANGUAGE_STANDARD = gnu99;
				GCC_WARN_64_TO_32_BIT_CONVERSION = YES;
				GCC_WARN_ABOUT_RETURN_TYPE = YES_ERROR;
				GCC_WARN_UNDECLARED_SELECTOR = YES;
				GCC_WARN_UNINITIALIZED_AUTOS = YES_AGGRESSIVE;
				GCC_WARN_UNUSED_FUNCTION = YES;
				GCC_WARN_UNUSED_VARIABLE = YES;
				IPHONEOS_DEPLOYMENT_TARGET = 7.1;
				SDKROOT = iphoneos;
				VALIDATE_PRODUCT = YES;
			};
			name = Release;
		};
		07CD4B9318D8E568007B1CD1 /* Debug */ = {
			isa = XCBuildConfiguration;
			buildSettings = {
				ASSETCATALOG_COMPILER_APPICON_NAME = AppIcon;
				ASSETCATALOG_COMPILER_LAUNCHIMAGE_NAME = LaunchImage;
				FRAMEWORK_SEARCH_PATHS = (
					"$(inherited)",
					"$(PROJECT_DIR)",
				);
				GCC_PRECOMPILE_PREFIX_HEADER = YES;
				GCC_PREFIX_HEADER = "MCMS/MCMS-Prefix.pch";
				INFOPLIST_FILE = "MCMS/MCMS-Info.plist";
				PRODUCT_NAME = "$(TARGET_NAME)";
				WRAPPER_EXTENSION = app;
			};
			name = Debug;
		};
		07CD4B9418D8E568007B1CD1 /* Release */ = {
			isa = XCBuildConfiguration;
			buildSettings = {
				ASSETCATALOG_COMPILER_APPICON_NAME = AppIcon;
				ASSETCATALOG_COMPILER_LAUNCHIMAGE_NAME = LaunchImage;
				FRAMEWORK_SEARCH_PATHS = (
					"$(inherited)",
					"$(PROJECT_DIR)",
				);
				GCC_PRECOMPILE_PREFIX_HEADER = YES;
				GCC_PREFIX_HEADER = "MCMS/MCMS-Prefix.pch";
				INFOPLIST_FILE = "MCMS/MCMS-Info.plist";
				PRODUCT_NAME = "$(TARGET_NAME)";
				WRAPPER_EXTENSION = app;
			};
			name = Release;
		};
		07CD4B9618D8E568007B1CD1 /* Debug */ = {
			isa = XCBuildConfiguration;
			buildSettings = {
				BUNDLE_LOADER = "$(BUILT_PRODUCTS_DIR)/MCMS.app/MCMS";
				FRAMEWORK_SEARCH_PATHS = (
					"$(SDKROOT)/Developer/Library/Frameworks",
					"$(inherited)",
					"$(DEVELOPER_FRAMEWORKS_DIR)",
				);
				GCC_PRECOMPILE_PREFIX_HEADER = YES;
				GCC_PREFIX_HEADER = "MCMS/MCMS-Prefix.pch";
				GCC_PREPROCESSOR_DEFINITIONS = (
					"DEBUG=1",
					"$(inherited)",
				);
				INFOPLIST_FILE = "MCMSTests/MCMSTests-Info.plist";
				PRODUCT_NAME = "$(TARGET_NAME)";
				TEST_HOST = "$(BUNDLE_LOADER)";
				WRAPPER_EXTENSION = xctest;
			};
			name = Debug;
		};
		07CD4B9718D8E568007B1CD1 /* Release */ = {
			isa = XCBuildConfiguration;
			buildSettings = {
				BUNDLE_LOADER = "$(BUILT_PRODUCTS_DIR)/MCMS.app/MCMS";
				FRAMEWORK_SEARCH_PATHS = (
					"$(SDKROOT)/Developer/Library/Frameworks",
					"$(inherited)",
					"$(DEVELOPER_FRAMEWORKS_DIR)",
				);
				GCC_PRECOMPILE_PREFIX_HEADER = YES;
				GCC_PREFIX_HEADER = "MCMS/MCMS-Prefix.pch";
				INFOPLIST_FILE = "MCMSTests/MCMSTests-Info.plist";
				PRODUCT_NAME = "$(TARGET_NAME)";
				TEST_HOST = "$(BUNDLE_LOADER)";
				WRAPPER_EXTENSION = xctest;
			};
			name = Release;
		};
/* End XCBuildConfiguration section */

/* Begin XCConfigurationList section */
		07CD4B5B18D8E568007B1CD1 /* Build configuration list for PBXProject "MCMS" */ = {
			isa = XCConfigurationList;
			buildConfigurations = (
				07CD4B9018D8E568007B1CD1 /* Debug */,
				07CD4B9118D8E568007B1CD1 /* Release */,
			);
			defaultConfigurationIsVisible = 0;
			defaultConfigurationName = Release;
		};
		07CD4B9218D8E568007B1CD1 /* Build configuration list for PBXNativeTarget "MCMS" */ = {
			isa = XCConfigurationList;
			buildConfigurations = (
				07CD4B9318D8E568007B1CD1 /* Debug */,
				07CD4B9418D8E568007B1CD1 /* Release */,
			);
			defaultConfigurationIsVisible = 0;
		};
		07CD4B9518D8E568007B1CD1 /* Build configuration list for PBXNativeTarget "MCMSTests" */ = {
			isa = XCConfigurationList;
			buildConfigurations = (
				07CD4B9618D8E568007B1CD1 /* Debug */,
				07CD4B9718D8E568007B1CD1 /* Release */,
			);
			defaultConfigurationIsVisible = 0;
		};
/* End XCConfigurationList section */
	};
	rootObject = 07CD4B5818D8E568007B1CD1 /* Project object */;
}
